
Microsoft Visual Studio Solution File, Format Version 12.00
# Visual Studio Version 17
VisualStudioVersion = 17.5.002.0
MinimumVisualStudioVersion = 10.0.40219.1
Project("{9A19103F-16F7-4668-BE54-9A1E7A4F7556}") = "DesafioFundamentos", "DesafioFundamentos\DesafioFundamentos.csproj", "{D11FB4BB-5E10-4E51-A258-091C01F2A161}"
EndProject
Global
	GlobalSection(SolutionConfigurationPlatforms) = preSolution
		Debug|Any CPU = Debug|Any CPU
		Release|Any CPU = Release|Any CPU
	EndGlobalSection
	GlobalSection(ProjectConfigurationPlatforms) = postSolution
		{D11FB4BB-5E10-4E51-A258-091C01F2A161}.Debug|Any CPU.ActiveCfg = Debug|Any CPU
		{D11FB4BB-5E10-4E51-A258-091C01F2A161}.Debug|Any CPU.Build.0 = Debug|Any CPU
		{D11FB4BB-5E10-4E51-A258-091C01F2A161}.Release|Any CPU.ActiveCfg = Release|Any CPU
		{D11FB4BB-5E10-4E51-A258-091C01F2A161}.Release|Any CPU.Build.0 = Release|Any CPU
	EndGlobalSection
	GlobalSection(SolutionProperties) = preSolution
		HideSolutionNode = FALSE
	EndGlobalSection
	GlobalSection(ExtensibilityGlobals) = postSolution
		SolutionGuid = {F9EEEA2A-0DA6-48BD-8EEB-E18A472F9CBF}
	EndGlobalSection
EndGlobal
